
Microsoft Visual Studio Solution File, Format Version 12.00
# Visual Studio Version 17
VisualStudioVersion = 17.0.31912.275
MinimumVisualStudioVersion = 10.0.40219.1
Project("{2150E333-8FDC-42A3-9474-1A3956D46DE8}") = "IdentityServer", "IdentityServer", "{1D3BBA8B-AEF6-41AD-A5BC-1670D2D13AC6}"
EndProject
Project("{9A19103F-16F7-4668-BE54-9A1E7A4F7556}") = "AuthServer", "IdentityServer\AuthServer\AuthServer.csproj", "{D8851159-D69C-4640-A6F1-F6238004F255}"
EndProject
Project("{9A19103F-16F7-4668-BE54-9A1E7A4F7556}") = "AuthServer.Infrastructure", "IdentityServer\AuthServer.Infrastructure\AuthServer.Infrastructure.csproj", "{11D7000E-77E3-44B8-958A-5705D6541FE8}"
EndProject
Project("{2150E333-8FDC-42A3-9474-1A3956D46DE8}") = "HttpArchive", "HttpArchive", "{23334A98-97D6-46C7-8D92-2A696BC2EABC}"
EndProject
Project("{9A19103F-16F7-4668-BE54-9A1E7A4F7556}") = "HttpArchive.Data", "HttpArchive\HttpArchive.Data\HttpArchive.Data.csproj", "{36A6159C-BEF2-429E-9ABE-E8ED79A4DDB3}"
EndProject
Project("{9A19103F-16F7-4668-BE54-9A1E7A4F7556}") = "HttpArchive.Services", "HttpArchive\HttpArchive.Services\HttpArchive.Services.csproj", "{CCFB3F2E-1B09-438E-B153-DEA555B11C15}"
EndProject
Project("{9A19103F-16F7-4668-BE54-9A1E7A4F7556}") = "HttpArchive.Api", "HttpArchive\HttpArchive.Api\HttpArchive.Api.csproj", "{CC159DF3-F53F-476B-8C9B-1274CDFAF187}"
EndProject
Global
	GlobalSection(SolutionConfigurationPlatforms) = preSolution
		Debug|Any CPU = Debug|Any CPU
		Release|Any CPU = Release|Any CPU
	EndGlobalSection
	GlobalSection(ProjectConfigurationPlatforms) = postSolution
		{D8851159-D69C-4640-A6F1-F6238004F255}.Debug|Any CPU.ActiveCfg = Debug|Any CPU
		{D8851159-D69C-4640-A6F1-F6238004F255}.Debug|Any CPU.Build.0 = Debug|Any CPU
		{D8851159-D69C-4640-A6F1-F6238004F255}.Release|Any CPU.ActiveCfg = Release|Any CPU
		{D8851159-D69C-4640-A6F1-F6238004F255}.Release|Any CPU.Build.0 = Release|Any CPU
		{11D7000E-77E3-44B8-958A-5705D6541FE8}.Debug|Any CPU.ActiveCfg = Debug|Any CPU
		{11D7000E-77E3-44B8-958A-5705D6541FE8}.Debug|Any CPU.Build.0 = Debug|Any CPU
		{11D7000E-77E3-44B8-958A-5705D6541FE8}.Release|Any CPU.ActiveCfg = Release|Any CPU
		{11D7000E-77E3-44B8-958A-5705D6541FE8}.Release|Any CPU.Build.0 = Release|Any CPU
		{36A6159C-BEF2-429E-9ABE-E8ED79A4DDB3}.Debug|Any CPU.ActiveCfg = Debug|Any CPU
		{36A6159C-BEF2-429E-9ABE-E8ED79A4DDB3}.Debug|Any CPU.Build.0 = Debug|Any CPU
		{36A6159C-BEF2-429E-9ABE-E8ED79A4DDB3}.Release|Any CPU.ActiveCfg = Release|Any CPU
		{36A6159C-BEF2-429E-9ABE-E8ED79A4DDB3}.Release|Any CPU.Build.0 = Release|Any CPU
		{CCFB3F2E-1B09-438E-B153-DEA555B11C15}.Debug|Any CPU.ActiveCfg = Debug|Any CPU
		{CCFB3F2E-1B09-438E-B153-DEA555B11C15}.Debug|Any CPU.Build.0 = Debug|Any CPU
		{CCFB3F2E-1B09-438E-B153-DEA555B11C15}.Release|Any CPU.ActiveCfg = Release|Any CPU
		{CCFB3F2E-1B09-438E-B153-DEA555B11C15}.Release|Any CPU.Build.0 = Release|Any CPU
		{CC159DF3-F53F-476B-8C9B-1274CDFAF187}.Debug|Any CPU.ActiveCfg = Debug|Any CPU
		{CC159DF3-F53F-476B-8C9B-1274CDFAF187}.Debug|Any CPU.Build.0 = Debug|Any CPU
		{CC159DF3-F53F-476B-8C9B-1274CDFAF187}.Release|Any CPU.ActiveCfg = Release|Any CPU
		{CC159DF3-F53F-476B-8C9B-1274CDFAF187}.Release|Any CPU.Build.0 = Release|Any CPU
	EndGlobalSection
	GlobalSection(SolutionProperties) = preSolution
		HideSolutionNode = FALSE
	EndGlobalSection
	GlobalSection(NestedProjects) = preSolution
		{D8851159-D69C-4640-A6F1-F6238004F255} = {1D3BBA8B-AEF6-41AD-A5BC-1670D2D13AC6}
		{11D7000E-77E3-44B8-958A-5705D6541FE8} = {1D3BBA8B-AEF6-41AD-A5BC-1670D2D13AC6}
		{36A6159C-BEF2-429E-9ABE-E8ED79A4DDB3} = {23334A98-97D6-46C7-8D92-2A696BC2EABC}
		{CCFB3F2E-1B09-438E-B153-DEA555B11C15} = {23334A98-97D6-46C7-8D92-2A696BC2EABC}
		{CC159DF3-F53F-476B-8C9B-1274CDFAF187} = {23334A98-97D6-46C7-8D92-2A696BC2EABC}
	EndGlobalSection
	GlobalSection(ExtensibilityGlobals) = postSolution
		SolutionGuid = {3BCD5E51-CBC4-4045-82BC-56B172DC980D}
	EndGlobalSection
EndGlobal
